
Microsoft Visual Studio Solution File, Format Version 12.00
# Visual Studio Version 16
VisualStudioVersion = 16.0.30717.126
MinimumVisualStudioVersion = 10.0.40219.1
Project("{9A19103F-16F7-4668-BE54-9A1E7A4F7556}") = "ClassMetotDemo", "ClassMetotDemo\ClassMetotDemo.csproj", "{D8CEECF8-014C-473F-A237-6010728B28F0}"
EndProject
Project("{9A19103F-16F7-4668-BE54-9A1E7A4F7556}") = "MyDictionaryWork", "MyDictionary\MyDictionaryWork.csproj", "{A3B08F03-C837-454E-9C35-45C17B6A7B97}"
EndProject
Project("{9A19103F-16F7-4668-BE54-9A1E7A4F7556}") = "AbstractClass", "AbstractClass\AbstractClass.csproj", "{BE730278-DACA-4CB9-B216-8271163BE3C9}"
EndProject
Project("{9A19103F-16F7-4668-BE54-9A1E7A4F7556}") = "StarbucksAndNeroCofeeDemo", "StarbucksAndNeroCofeeDemo\StarbucksAndNeroCofeeDemo.csproj", "{D4470BA6-4977-4DCE-B5C2-4C01DB97CDDF}"
EndProject
Project("{FAE04EC0-301F-11D3-BF4B-00C04F79EFBC}") = "GameWork", "GameWork\GameWork.csproj", "{C2DA5ECF-B085-4589-A180-07B1383E0F74}"
EndProject
Global
	GlobalSection(SolutionConfigurationPlatforms) = preSolution
		Debug|Any CPU = Debug|Any CPU
		Release|Any CPU = Release|Any CPU
	EndGlobalSection
	GlobalSection(ProjectConfigurationPlatforms) = postSolution
		{D8CEECF8-014C-473F-A237-6010728B28F0}.Debug|Any CPU.ActiveCfg = Debug|Any CPU
		{D8CEECF8-014C-473F-A237-6010728B28F0}.Debug|Any CPU.Build.0 = Debug|Any CPU
		{D8CEECF8-014C-473F-A237-6010728B28F0}.Release|Any CPU.ActiveCfg = Release|Any CPU
		{D8CEECF8-014C-473F-A237-6010728B28F0}.Release|Any CPU.Build.0 = Release|Any CPU
		{A3B08F03-C837-454E-9C35-45C17B6A7B97}.Debug|Any CPU.ActiveCfg = Debug|Any CPU
		{A3B08F03-C837-454E-9C35-45C17B6A7B97}.Debug|Any CPU.Build.0 = Debug|Any CPU
		{A3B08F03-C837-454E-9C35-45C17B6A7B97}.Release|Any CPU.ActiveCfg = Release|Any CPU
		{A3B08F03-C837-454E-9C35-45C17B6A7B97}.Release|Any CPU.Build.0 = Release|Any CPU
		{BE730278-DACA-4CB9-B216-8271163BE3C9}.Debug|Any CPU.ActiveCfg = Debug|Any CPU
		{BE730278-DACA-4CB9-B216-8271163BE3C9}.Debug|Any CPU.Build.0 = Debug|Any CPU
		{BE730278-DACA-4CB9-B216-8271163BE3C9}.Release|Any CPU.ActiveCfg = Release|Any CPU
		{BE730278-DACA-4CB9-B216-8271163BE3C9}.Release|Any CPU.Build.0 = Release|Any CPU
		{D4470BA6-4977-4DCE-B5C2-4C01DB97CDDF}.Debug|Any CPU.ActiveCfg = Debug|Any CPU
		{D4470BA6-4977-4DCE-B5C2-4C01DB97CDDF}.Debug|Any CPU.Build.0 = Debug|Any CPU
		{D4470BA6-4977-4DCE-B5C2-4C01DB97CDDF}.Release|Any CPU.ActiveCfg = Release|Any CPU
		{D4470BA6-4977-4DCE-B5C2-4C01DB97CDDF}.Release|Any CPU.Build.0 = Release|Any CPU
		{C2DA5ECF-B085-4589-A180-07B1383E0F74}.Debug|Any CPU.ActiveCfg = Debug|Any CPU
		{C2DA5ECF-B085-4589-A180-07B1383E0F74}.Debug|Any CPU.Build.0 = Debug|Any CPU
		{C2DA5ECF-B085-4589-A180-07B1383E0F74}.Release|Any CPU.ActiveCfg = Release|Any CPU
		{C2DA5ECF-B085-4589-A180-07B1383E0F74}.Release|Any CPU.Build.0 = Release|Any CPU
	EndGlobalSection
	GlobalSection(SolutionProperties) = preSolution
		HideSolutionNode = FALSE
	EndGlobalSection
	GlobalSection(ExtensibilityGlobals) = postSolution
		SolutionGuid = {D5D34125-A2CF-4C97-A6C9-CF9B60661F81}
	EndGlobalSection
EndGlobal
